{
  "name": "test-typescript-css-template-string-plugin",
  "version": "0.0.0",
  "lockfileVersion": 2,
  "requires": true,
  "packages": {
    "": {
      "name": "test-typescript-css-template-string-plugin",
      "version": "0.0.0",
      "dependencies": {
        "cssup": "^0.4.0",
        "typescript": "4.9.3",
        "typescript-css-template-string-plugin": "file:.."
      }
    },
    "..": {
      "version": "0.4.0",
      "license": "ISC",
      "dependencies": {
        "postcss": "8.4.19",
        "typescript": "4.9.3"
      },
      "devDependencies": {
        "eslint-config-cssup": "*",
        "prettier-config-cssup": "*",
        "tsconfig-config-cssup": "*"
      }
    },
    "node_modules/cssup": {
      "version": "0.4.0",
      "resolved": "https://registry.npmjs.org/cssup/-/cssup-0.4.0.tgz",
      "integrity": "sha512-DeQ2p1T2Hu4lF8pY1LRV3S3Lyhvu3C1yo1ARMNd4BI1Hi54gzSjw+0UBfKxPs1ww7gJeqJ5xGQanOE9Gv2gqQg=="
    },
    "node_modules/typescript": {
      "version": "4.9.3",
      "resolved": "https://registry.npmjs.org/typescript/-/typescript-4.9.3.tgz",
      "integrity": "sha512-CIfGzTelbKNEnLpLdGFgdyKhG23CKdKgQPOBc+OUNrkJ2vr+KSzsSV5kq5iWhEQbok+quxgGzrAtGWCyU7tHnA==",
      "bin": {
        "tsc": "bin/tsc",
        "tsserver": "bin/tsserver"
      },
      "engines": {
        "node": ">=4.2.0"
      }
    },
    "node_modules/typescript-css-template-string-plugin": {
      "resolved": "..",
      "link": true
    }
  },
  "dependencies": {
    "cssup": {
      "version": "0.4.0",
      "resolved": "https://registry.npmjs.org/cssup/-/cssup-0.4.0.tgz",
      "integrity": "sha512-DeQ2p1T2Hu4lF8pY1LRV3S3Lyhvu3C1yo1ARMNd4BI1Hi54gzSjw+0UBfKxPs1ww7gJeqJ5xGQanOE9Gv2gqQg=="
    },
    "typescript": {
      "version": "4.9.3",
      "resolved": "https://registry.npmjs.org/typescript/-/typescript-4.9.3.tgz",
      "integrity": "sha512-CIfGzTelbKNEnLpLdGFgdyKhG23CKdKgQPOBc+OUNrkJ2vr+KSzsSV5kq5iWhEQbok+quxgGzrAtGWCyU7tHnA=="
    },
    "typescript-css-template-string-plugin": {
      "version": "file:..",
      "requires": {
        "eslint-config-cssup": "*",
        "postcss": "8.4.19",
        "prettier-config-cssup": "*",
        "tsconfig-config-cssup": "*",
        "typescript": "4.9.3"
      }
    }
  }
}
