{
  "name": "cssup",
  "version": "0.0.1",
  "lockfileVersion": 2,
  "requires": true,
  "packages": {
    "": {
      "name": "cssup",
      "version": "0.0.1",
      "license": "ISC",
      "workspaces": [
        "packages/typescript-embedded-css-plugin",
        "packages/vscode-embedded-css-template-strings",
        "packages/typescript-css-template-string-plugin",
        "packages/cssup-webpack-loader"
      ]
    },
    "node_modules/@vscode/l10n": {
      "version": "0.0.10",
      "resolved": "https://registry.npmjs.org/@vscode/l10n/-/l10n-0.0.10.tgz",
      "integrity": "sha512-E1OCmDcDWa0Ya7vtSjp/XfHFGqYJfh+YPC1RkATU71fTac+j1JjCcB3qwSzmlKAighx2WxhLlfhS0RwAN++PFQ=="
    },
    "node_modules/cssup-webpack-loader": {
      "resolved": "packages/cssup-webpack-loader",
      "link": true
    },
    "node_modules/nanoid": {
      "version": "3.3.4",
      "resolved": "https://registry.npmjs.org/nanoid/-/nanoid-3.3.4.tgz",
      "integrity": "sha512-MqBkQh/OHTS2egovRtLk45wEyNXwF+cokD+1YPf9u5VfJiRdAiRwB2froX5Co9Rh20xs4siNPm8naNotSD6RBw==",
      "bin": {
        "nanoid": "bin/nanoid.cjs"
      },
      "engines": {
        "node": "^10 || ^12 || ^13.7 || ^14 || >=15.0.1"
      }
    },
    "node_modules/picocolors": {
      "version": "1.0.0",
      "resolved": "https://registry.npmjs.org/picocolors/-/picocolors-1.0.0.tgz",
      "integrity": "sha512-1fygroTLlHu66zi26VoTDv8yRgm0Fccecssto+MhsZ0D/DGW2sm8E8AjW7NU5VVTRt5GxbeZ5qBuJr+HyLYkjQ=="
    },
    "node_modules/postcss": {
      "version": "8.4.19",
      "resolved": "https://registry.npmjs.org/postcss/-/postcss-8.4.19.tgz",
      "integrity": "sha512-h+pbPsyhlYj6N2ozBmHhHrs9DzGmbaarbLvWipMRO7RLS+v4onj26MPFXA5OBYFxyqYhUJK456SwDcY9H2/zsA==",
      "funding": [
        {
          "type": "opencollective",
          "url": "https://opencollective.com/postcss/"
        },
        {
          "type": "tidelift",
          "url": "https://tidelift.com/funding/github/npm/postcss"
        }
      ],
      "dependencies": {
        "nanoid": "^3.3.4",
        "picocolors": "^1.0.0",
        "source-map-js": "^1.0.2"
      },
      "engines": {
        "node": "^10 || ^12 || >=14"
      }
    },
    "node_modules/source-map-js": {
      "version": "1.0.2",
      "resolved": "https://registry.npmjs.org/source-map-js/-/source-map-js-1.0.2.tgz",
      "integrity": "sha512-R0XvVJ9WusLiqTCEiGCmICCMplcCkIwwR11mOSD9CR5u+IXYdiseeEuXCVAjS54zqwkLcPNnmU4OeJ6tUrWhDw==",
      "engines": {
        "node": ">=0.10.0"
      }
    },
    "node_modules/typescript": {
      "version": "4.9.3",
      "resolved": "https://registry.npmjs.org/typescript/-/typescript-4.9.3.tgz",
      "integrity": "sha512-CIfGzTelbKNEnLpLdGFgdyKhG23CKdKgQPOBc+OUNrkJ2vr+KSzsSV5kq5iWhEQbok+quxgGzrAtGWCyU7tHnA==",
      "bin": {
        "tsc": "bin/tsc",
        "tsserver": "bin/tsserver"
      },
      "engines": {
        "node": ">=4.2.0"
      }
    },
    "node_modules/typescript-css-template-string-plugin": {
      "resolved": "packages/typescript-css-template-string-plugin",
      "link": true
    },
    "node_modules/typescript-embedded-css-plugin": {
      "resolved": "packages/typescript-embedded-css-plugin",
      "link": true
    },
    "node_modules/typescript-template-language-service-decorator": {
      "version": "2.3.1",
      "resolved": "https://registry.npmjs.org/typescript-template-language-service-decorator/-/typescript-template-language-service-decorator-2.3.1.tgz",
      "integrity": "sha512-+Q5+cvBtPO4VKNyyI6O+XnIne+/hq/WfNhBaF4hJP8nB8TbikTg+2h9uBMsqduwX1+kVfwG9SBSwMTtvi2Ep7w=="
    },
    "node_modules/vscode-css-languageservice": {
      "version": "6.2.1",
      "resolved": "https://registry.npmjs.org/vscode-css-languageservice/-/vscode-css-languageservice-6.2.1.tgz",
      "integrity": "sha512-FMaMjB2LQdkHjTCP2CWh2S94xuGsxSc8xr0H9nAACVd/iUDyZLoKFjwoB+mA3v0rpCH2U5vVCVwxyULy61CgqA==",
      "dependencies": {
        "@vscode/l10n": "^0.0.10",
        "vscode-languageserver-textdocument": "^1.0.7",
        "vscode-languageserver-types": "^3.17.2",
        "vscode-uri": "^3.0.6"
      }
    },
    "node_modules/vscode-embedded-css-template-strings": {
      "resolved": "packages/vscode-embedded-css-template-strings",
      "link": true
    },
    "node_modules/vscode-languageserver-textdocument": {
      "version": "1.0.7",
      "resolved": "https://registry.npmjs.org/vscode-languageserver-textdocument/-/vscode-languageserver-textdocument-1.0.7.tgz",
      "integrity": "sha512-bFJH7UQxlXT8kKeyiyu41r22jCZXG8kuuVVA33OEJn1diWOZK5n8zBSPZFHVBOu8kXZ6h0LIRhf5UnCo61J4Hg=="
    },
    "node_modules/vscode-languageserver-types": {
      "version": "3.17.2",
      "resolved": "https://registry.npmjs.org/vscode-languageserver-types/-/vscode-languageserver-types-3.17.2.tgz",
      "integrity": "sha512-zHhCWatviizPIq9B7Vh9uvrH6x3sK8itC84HkamnBWoDFJtzBf7SWlpLCZUit72b3os45h6RWQNC9xHRDF8dRA=="
    },
    "node_modules/vscode-uri": {
      "version": "3.0.6",
      "resolved": "https://registry.npmjs.org/vscode-uri/-/vscode-uri-3.0.6.tgz",
      "integrity": "sha512-fmL7V1eiDBFRRnu+gfRWTzyPpNIHJTc4mWnFkwBUmO9U3KPgJAmTx7oxi2bl/Rh6HLdU7+4C9wlj0k2E4AdKFQ=="
    },
    "packages/cssup-webpack-loader": {
      "version": "0.0.1",
      "license": "ISC",
      "devDependencies": {}
    },
    "packages/typescript-css-template-string-plugin": {
      "version": "0.0.3",
      "license": "ISC",
      "dependencies": {
        "postcss": "8.4.19",
        "typescript": "4.9.3"
      }
    },
    "packages/typescript-embedded-css-plugin": {
      "version": "0.0.1",
      "license": "ISC",
      "dependencies": {
        "typescript": "4.9.3",
        "typescript-template-language-service-decorator": "2.3.1",
        "vscode-css-languageservice": "6.2.1",
        "vscode-languageserver-types": "3.17.2"
      }
    },
    "packages/vscode-embedded-css-template-strings": {
      "version": "0.0.1",
      "license": "ISC",
      "dependencies": {
        "typescript": "4.9.3",
        "typescript-css-template-string-plugin": "0.0.3",
        "typescript-embedded-css-plugin": "0.0.1"
      },
      "engines": {
        "vscode": "^1.73.0"
      }
    }
  },
  "dependencies": {
    "@vscode/l10n": {
      "version": "0.0.10",
      "resolved": "https://registry.npmjs.org/@vscode/l10n/-/l10n-0.0.10.tgz",
      "integrity": "sha512-E1OCmDcDWa0Ya7vtSjp/XfHFGqYJfh+YPC1RkATU71fTac+j1JjCcB3qwSzmlKAighx2WxhLlfhS0RwAN++PFQ=="
    },
    "cssup-webpack-loader": {
      "version": "file:packages/cssup-webpack-loader"
    },
    "nanoid": {
      "version": "3.3.4",
      "resolved": "https://registry.npmjs.org/nanoid/-/nanoid-3.3.4.tgz",
      "integrity": "sha512-MqBkQh/OHTS2egovRtLk45wEyNXwF+cokD+1YPf9u5VfJiRdAiRwB2froX5Co9Rh20xs4siNPm8naNotSD6RBw=="
    },
    "picocolors": {
      "version": "1.0.0",
      "resolved": "https://registry.npmjs.org/picocolors/-/picocolors-1.0.0.tgz",
      "integrity": "sha512-1fygroTLlHu66zi26VoTDv8yRgm0Fccecssto+MhsZ0D/DGW2sm8E8AjW7NU5VVTRt5GxbeZ5qBuJr+HyLYkjQ=="
    },
    "postcss": {
      "version": "8.4.19",
      "resolved": "https://registry.npmjs.org/postcss/-/postcss-8.4.19.tgz",
      "integrity": "sha512-h+pbPsyhlYj6N2ozBmHhHrs9DzGmbaarbLvWipMRO7RLS+v4onj26MPFXA5OBYFxyqYhUJK456SwDcY9H2/zsA==",
      "requires": {
        "nanoid": "^3.3.4",
        "picocolors": "^1.0.0",
        "source-map-js": "^1.0.2"
      }
    },
    "source-map-js": {
      "version": "1.0.2",
      "resolved": "https://registry.npmjs.org/source-map-js/-/source-map-js-1.0.2.tgz",
      "integrity": "sha512-R0XvVJ9WusLiqTCEiGCmICCMplcCkIwwR11mOSD9CR5u+IXYdiseeEuXCVAjS54zqwkLcPNnmU4OeJ6tUrWhDw=="
    },
    "typescript": {
      "version": "4.9.3",
      "resolved": "https://registry.npmjs.org/typescript/-/typescript-4.9.3.tgz",
      "integrity": "sha512-CIfGzTelbKNEnLpLdGFgdyKhG23CKdKgQPOBc+OUNrkJ2vr+KSzsSV5kq5iWhEQbok+quxgGzrAtGWCyU7tHnA=="
    },
    "typescript-css-template-string-plugin": {
      "version": "file:packages/typescript-css-template-string-plugin",
      "requires": {
        "postcss": "8.4.19",
        "typescript": "4.9.3"
      }
    },
    "typescript-embedded-css-plugin": {
      "version": "file:packages/typescript-embedded-css-plugin",
      "requires": {
        "typescript": "4.9.3",
        "typescript-template-language-service-decorator": "2.3.1",
        "vscode-css-languageservice": "6.2.1",
        "vscode-languageserver-types": "3.17.2"
      }
    },
    "typescript-template-language-service-decorator": {
      "version": "2.3.1",
      "resolved": "https://registry.npmjs.org/typescript-template-language-service-decorator/-/typescript-template-language-service-decorator-2.3.1.tgz",
      "integrity": "sha512-+Q5+cvBtPO4VKNyyI6O+XnIne+/hq/WfNhBaF4hJP8nB8TbikTg+2h9uBMsqduwX1+kVfwG9SBSwMTtvi2Ep7w=="
    },
    "vscode-css-languageservice": {
      "version": "6.2.1",
      "resolved": "https://registry.npmjs.org/vscode-css-languageservice/-/vscode-css-languageservice-6.2.1.tgz",
      "integrity": "sha512-FMaMjB2LQdkHjTCP2CWh2S94xuGsxSc8xr0H9nAACVd/iUDyZLoKFjwoB+mA3v0rpCH2U5vVCVwxyULy61CgqA==",
      "requires": {
        "@vscode/l10n": "^0.0.10",
        "vscode-languageserver-textdocument": "^1.0.7",
        "vscode-languageserver-types": "^3.17.2",
        "vscode-uri": "^3.0.6"
      }
    },
    "vscode-embedded-css-template-strings": {
      "version": "file:packages/vscode-embedded-css-template-strings",
      "requires": {
        "typescript": "4.9.3",
        "typescript-css-template-string-plugin": "0.0.3",
        "typescript-embedded-css-plugin": "0.0.1"
      }
    },
    "vscode-languageserver-textdocument": {
      "version": "1.0.7",
      "resolved": "https://registry.npmjs.org/vscode-languageserver-textdocument/-/vscode-languageserver-textdocument-1.0.7.tgz",
      "integrity": "sha512-bFJH7UQxlXT8kKeyiyu41r22jCZXG8kuuVVA33OEJn1diWOZK5n8zBSPZFHVBOu8kXZ6h0LIRhf5UnCo61J4Hg=="
    },
    "vscode-languageserver-types": {
      "version": "3.17.2",
      "resolved": "https://registry.npmjs.org/vscode-languageserver-types/-/vscode-languageserver-types-3.17.2.tgz",
      "integrity": "sha512-zHhCWatviizPIq9B7Vh9uvrH6x3sK8itC84HkamnBWoDFJtzBf7SWlpLCZUit72b3os45h6RWQNC9xHRDF8dRA=="
    },
    "vscode-uri": {
      "version": "3.0.6",
      "resolved": "https://registry.npmjs.org/vscode-uri/-/vscode-uri-3.0.6.tgz",
      "integrity": "sha512-fmL7V1eiDBFRRnu+gfRWTzyPpNIHJTc4mWnFkwBUmO9U3KPgJAmTx7oxi2bl/Rh6HLdU7+4C9wlj0k2E4AdKFQ=="
    }
  }
}
